// !$*UTF8*$!
{
	archiveVersion = 1;
	classes = {
	};
	objectVersion = 50;
	objects = {

/* Begin PBXBuildFile section */
		70B235232702967E00E904DF /* AppDelegate.swift in Sources */ = {isa = PBXBuildFile; fileRef = 70B235222702967E00E904DF /* AppDelegate.swift */; };
		70B235252702967E00E904DF /* SceneDelegate.swift in Sources */ = {isa = PBXBuildFile; fileRef = 70B235242702967E00E904DF /* SceneDelegate.swift */; };
		70B235272702967E00E904DF /* ViewController.swift in Sources */ = {isa = PBXBuildFile; fileRef = 70B235262702967E00E904DF /* ViewController.swift */; };
		70B2352A2702967E00E904DF /* Main.storyboard in Resources */ = {isa = PBXBuildFile; fileRef = 70B235282702967E00E904DF /* Main.storyboard */; };
		70B2352C2702967F00E904DF /* Assets.xcassets in Resources */ = {isa = PBXBuildFile; fileRef = 70B2352B2702967F00E904DF /* Assets.xcassets */; };
		70B2352F2702967F00E904DF /* LaunchScreen.storyboard in Resources */ = {isa = PBXBuildFile; fileRef = 70B2352D2702967F00E904DF /* LaunchScreen.storyboard */; };
		70B2353A2702967F00E904DF /* DependencyInjectionTests.swift in Sources */ = {isa = PBXBuildFile; fileRef = 70B235392702967F00E904DF /* DependencyInjectionTests.swift */; };
		70B235452702967F00E904DF /* DependencyInjectionUITests.swift in Sources */ = {isa = PBXBuildFile; fileRef = 70B235442702967F00E904DF /* DependencyInjectionUITests.swift */; };
		70B235642702972600E904DF /* Emails.swift in Sources */ = {isa = PBXBuildFile; fileRef = 70B235632702972500E904DF /* Emails.swift */; };
		70B235692702973500E904DF /* EmailAccountProtocol.swift in Sources */ = {isa = PBXBuildFile; fileRef = 70B235682702973500E904DF /* EmailAccountProtocol.swift */; };
/* End PBXBuildFile section */

/* Begin PBXContainerItemProxy section */
		70B235362702967F00E904DF /* PBXContainerItemProxy */ = {
			isa = PBXContainerItemProxy;
			containerPortal = 70B235172702967E00E904DF /* Project object */;
			proxyType = 1;
			remoteGlobalIDString = 70B2351E2702967E00E904DF;
			remoteInfo = DependencyInjection;
		};
		70B235412702967F00E904DF /* PBXContainerItemProxy */ = {
			isa = PBXContainerItemProxy;
			containerPortal = 70B235172702967E00E904DF /* Project object */;
			proxyType = 1;
			remoteGlobalIDString = 70B2351E2702967E00E904DF;
			remoteInfo = DependencyInjection;
		};
/* End PBXContainerItemProxy section */

/* Begin PBXFileReference section */
		70B2351F2702967E00E904DF /* DependencyInjection.app */ = {isa = PBXFileReference; explicitFileType = wrapper.application; includeInIndex = 0; path = DependencyInjection.app; sourceTree = BUILT_PRODUCTS_DIR; };
		70B235222702967E00E904DF /* AppDelegate.swift */ = {isa = PBXFileReference; lastKnownFileType = sourcecode.swift; path = AppDelegate.swift; sourceTree = "<group>"; };
		70B235242702967E00E904DF /* SceneDelegate.swift */ = {isa = PBXFileReference; lastKnownFileType = sourcecode.swift; path = SceneDelegate.swift; sourceTree = "<group>"; };
		70B235262702967E00E904DF /* ViewController.swift */ = {isa = PBXFileReference; lastKnownFileType = sourcecode.swift; path = ViewController.swift; sourceTree = "<group>"; };
		70B235292702967E00E904DF /* Base */ = {isa = PBXFileReference; lastKnownFileType = file.storyboard; name = Base; path = Base.lproj/Main.storyboard; sourceTree = "<group>"; };
		70B2352B2702967F00E904DF /* Assets.xcassets */ = {isa = PBXFileReference; lastKnownFileType = folder.assetcatalog; path = Assets.xcassets; sourceTree = "<group>"; };
		70B2352E2702967F00E904DF /* Base */ = {isa = PBXFileReference; lastKnownFileType = file.storyboard; name = Base; path = Base.lproj/LaunchScreen.storyboard; sourceTree = "<group>"; };
		70B235302702967F00E904DF /* Info.plist */ = {isa = PBXFileReference; lastKnownFileType = text.plist.xml; path = Info.plist; sourceTree = "<group>"; };
		70B235352702967F00E904DF /* DependencyInjectionTests.xctest */ = {isa = PBXFileReference; explicitFileType = wrapper.cfbundle; includeInIndex = 0; path = DependencyInjectionTests.xctest; sourceTree = BUILT_PRODUCTS_DIR; };
		70B235392702967F00E904DF /* DependencyInjectionTests.swift */ = {isa = PBXFileReference; lastKnownFileType = sourcecode.swift; path = DependencyInjectionTests.swift; sourceTree = "<group>"; };
		70B2353B2702967F00E904DF /* Info.plist */ = {isa = PBXFileReference; lastKnownFileType = text.plist.xml; path = Info.plist; sourceTree = "<group>"; };
		70B235402702967F00E904DF /* DependencyInjectionUITests.xctest */ = {isa = PBXFileReference; explicitFileType = wrapper.cfbundle; includeInIndex = 0; path = DependencyInjectionUITests.xctest; sourceTree = BUILT_PRODUCTS_DIR; };
		70B235442702967F00E904DF /* DependencyInjectionUITests.swift */ = {isa = PBXFileReference; lastKnownFileType = sourcecode.swift; path = DependencyInjectionUITests.swift; sourceTree = "<group>"; };
		70B235462702967F00E904DF /* Info.plist */ = {isa = PBXFileReference; lastKnownFileType = text.plist.xml; path = Info.plist; sourceTree = "<group>"; };
		70B235632702972500E904DF /* Emails.swift */ = {isa = PBXFileReference; fileEncoding = 4; lastKnownFileType = sourcecode.swift; path = Emails.swift; sourceTree = "<group>"; };
		70B235682702973500E904DF /* EmailAccountProtocol.swift */ = {isa = PBXFileReference; fileEncoding = 4; lastKnownFileType = sourcecode.swift; path = EmailAccountProtocol.swift; sourceTree = "<group>"; };
/* End PBXFileReference section */

/* Begin PBXFrameworksBuildPhase section */
		70B2351C2702967E00E904DF /* Frameworks */ = {
			isa = PBXFrameworksBuildPhase;
			buildActionMask = 2147483647;
			files = (
			);
			runOnlyForDeploymentPostprocessing = 0;
		};
		70B235322702967F00E904DF /* Frameworks */ = {
			isa = PBXFrameworksBuildPhase;
			buildActionMask = 2147483647;
			files = (
			);
			runOnlyForDeploymentPostprocessing = 0;
		};
		70B2353D2702967F00E904DF /* Frameworks */ = {
			isa = PBXFrameworksBuildPhase;
			buildActionMask = 2147483647;
			files = (
			);
			runOnlyForDeploymentPostprocessing = 0;
		};
/* End PBXFrameworksBuildPhase section */

/* Begin PBXGroup section */
		70B235162702967E00E904DF = {
			isa = PBXGroup;
			children = (
				70B235212702967E00E904DF /* DependencyInjection */,
				70B235382702967F00E904DF /* DependencyInjectionTests */,
				70B235432702967F00E904DF /* DependencyInjectionUITests */,
				70B235202702967E00E904DF /* Products */,
			);
			sourceTree = "<group>";
		};
		70B235202702967E00E904DF /* Products */ = {
			isa = PBXGroup;
			children = (
				70B2351F2702967E00E904DF /* DependencyInjection.app */,
				70B235352702967F00E904DF /* DependencyInjectionTests.xctest */,
				70B235402702967F00E904DF /* DependencyInjectionUITests.xctest */,
			);
			name = Products;
			sourceTree = "<group>";
		};
		70B235212702967E00E904DF /* DependencyInjection */ = {
			isa = PBXGroup;
			children = (
				70B2356D270297EA00E904DF /* Supporting Files */,
				70B23557270296B000E904DF /* Protocol */,
				70B23556270296A000E904DF /* Model */,
				70B235552702968500E904DF /* ViewController */,
				70B235282702967E00E904DF /* Main.storyboard */,
				70B2352D2702967F00E904DF /* LaunchScreen.storyboard */,
				70B235302702967F00E904DF /* Info.plist */,
			);
			path = DependencyInjection;
			sourceTree = "<group>";
		};
		70B235382702967F00E904DF /* DependencyInjectionTests */ = {
			isa = PBXGroup;
			children = (
				70B235392702967F00E904DF /* DependencyInjectionTests.swift */,
				70B2353B2702967F00E904DF /* Info.plist */,
			);
			path = DependencyInjectionTests;
			sourceTree = "<group>";
		};
		70B235432702967F00E904DF /* DependencyInjectionUITests */ = {
			isa = PBXGroup;
			children = (
				70B235442702967F00E904DF /* DependencyInjectionUITests.swift */,
				70B235462702967F00E904DF /* Info.plist */,
			);
			path = DependencyInjectionUITests;
			sourceTree = "<group>";
		};
		70B235552702968500E904DF /* ViewController */ = {
			isa = PBXGroup;
			children = (
				70B235262702967E00E904DF /* ViewController.swift */,
			);
			path = ViewController;
			sourceTree = "<group>";
		};
		70B23556270296A000E904DF /* Model */ = {
			isa = PBXGroup;
			children = (
				70B235632702972500E904DF /* Emails.swift */,
			);
			path = Model;
			sourceTree = "<group>";
		};
		70B23557270296B000E904DF /* Protocol */ = {
			isa = PBXGroup;
			children = (
				70B235682702973500E904DF /* EmailAccountProtocol.swift */,
			);
			path = Protocol;
			sourceTree = "<group>";
		};
		70B2356D270297EA00E904DF /* Supporting Files */ = {
			isa = PBXGroup;
			children = (
				70B2352B2702967F00E904DF /* Assets.xcassets */,
				70B235222702967E00E904DF /* AppDelegate.swift */,
				70B235242702967E00E904DF /* SceneDelegate.swift */,
			);
			path = "Supporting Files";
			sourceTree = "<group>";
		};
/* End PBXGroup section */

/* Begin PBXNativeTarget section */
		70B2351E2702967E00E904DF /* DependencyInjection */ = {
			isa = PBXNativeTarget;
			buildConfigurationList = 70B235492702967F00E904DF /* Build configuration list for PBXNativeTarget "DependencyInjection" */;
			buildPhases = (
				70B2351B2702967E00E904DF /* Sources */,
				70B2351C2702967E00E904DF /* Frameworks */,
				70B2351D2702967E00E904DF /* Resources */,
			);
			buildRules = (
			);
			dependencies = (
			);
			name = DependencyInjection;
			productName = DependencyInjection;
			productReference = 70B2351F2702967E00E904DF /* DependencyInjection.app */;
			productType = "com.apple.product-type.application";
		};
		70B235342702967F00E904DF /* DependencyInjectionTests */ = {
			isa = PBXNativeTarget;
			buildConfigurationList = 70B2354C2702967F00E904DF /* Build configuration list for PBXNativeTarget "DependencyInjectionTests" */;
			buildPhases = (
				70B235312702967F00E904DF /* Sources */,
				70B235322702967F00E904DF /* Frameworks */,
				70B235332702967F00E904DF /* Resources */,
			);
			buildRules = (
			);
			dependencies = (
				70B235372702967F00E904DF /* PBXTargetDependency */,
			);
			name = DependencyInjectionTests;
			productName = DependencyInjectionTests;
			productReference = 70B235352702967F00E904DF /* DependencyInjectionTests.xctest */;
			productType = "com.apple.product-type.bundle.unit-test";
		};
		70B2353F2702967F00E904DF /* DependencyInjectionUITests */ = {
			isa = PBXNativeTarget;
			buildConfigurationList = 70B2354F2702967F00E904DF /* Build configuration list for PBXNativeTarget "DependencyInjectionUITests" */;
			buildPhases = (
				70B2353C2702967F00E904DF /* Sources */,
				70B2353D2702967F00E904DF /* Frameworks */,
				70B2353E2702967F00E904DF /* Resources */,
			);
			buildRules = (
			);
			dependencies = (
				70B235422702967F00E904DF /* PBXTargetDependency */,
			);
			name = DependencyInjectionUITests;
			productName = DependencyInjectionUITests;
			productReference = 70B235402702967F00E904DF /* DependencyInjectionUITests.xctest */;
			productType = "com.apple.product-type.bundle.ui-testing";
		};
/* End PBXNativeTarget section */

/* Begin PBXProject section */
		70B235172702967E00E904DF /* Project object */ = {
			isa = PBXProject;
			attributes = {
				LastSwiftUpdateCheck = 1240;
				LastUpgradeCheck = 1240;
				TargetAttributes = {
					70B2351E2702967E00E904DF = {
						CreatedOnToolsVersion = 12.4;
					};
					70B235342702967F00E904DF = {
						CreatedOnToolsVersion = 12.4;
						TestTargetID = 70B2351E2702967E00E904DF;
					};
					70B2353F2702967F00E904DF = {
						CreatedOnToolsVersion = 12.4;
						TestTargetID = 70B2351E2702967E00E904DF;
					};
				};
			};
			buildConfigurationList = 70B2351A2702967E00E904DF /* Build configuration list for PBXProject "DependencyInjection" */;
			compatibilityVersion = "Xcode 9.3";
			developmentRegion = en;
			hasScannedForEncodings = 0;
			knownRegions = (
				en,
				Base,
			);
			mainGroup = 70B235162702967E00E904DF;
			productRefGroup = 70B235202702967E00E904DF /* Products */;
			projectDirPath = "";
			projectRoot = "";
			targets = (
				70B2351E2702967E00E904DF /* DependencyInjection */,
				70B235342702967F00E904DF /* DependencyInjectionTests */,
				70B2353F2702967F00E904DF /* DependencyInjectionUITests */,
			);
		};
/* End PBXProject section */

/* Begin PBXResourcesBuildPhase section */
		70B2351D2702967E00E904DF /* Resources */ = {
			isa = PBXResourcesBuildPhase;
			buildActionMask = 2147483647;
			files = (
				70B2352F2702967F00E904DF /* LaunchScreen.storyboard in Resources */,
				70B2352C2702967F00E904DF /* Assets.xcassets in Resources */,
				70B2352A2702967E00E904DF /* Main.storyboard in Resources */,
			);
			runOnlyForDeploymentPostprocessing = 0;
		};
		70B235332702967F00E904DF /* Resources */ = {
			isa = PBXResourcesBuildPhase;
			buildActionMask = 2147483647;
			files = (
			);
			runOnlyForDeploymentPostprocessing = 0;
		};
		70B2353E2702967F00E904DF /* Resources */ = {
			isa = PBXResourcesBuildPhase;
			buildActionMask = 2147483647;
			files = (
			);
			runOnlyForDeploymentPostprocessing = 0;
		};
/* End PBXResourcesBuildPhase section */

/* Begin PBXSourcesBuildPhase section */
		70B2351B2702967E00E904DF /* Sources */ = {
			isa = PBXSourcesBuildPhase;
			buildActionMask = 2147483647;
			files = (
				70B235272702967E00E904DF /* ViewController.swift in Sources */,
				70B235232702967E00E904DF /* AppDelegate.swift in Sources */,
				70B235642702972600E904DF /* Emails.swift in Sources */,
				70B235692702973500E904DF /* EmailAccountProtocol.swift in Sources */,
				70B235252702967E00E904DF /* SceneDelegate.swift in Sources */,
			);
			runOnlyForDeploymentPostprocessing = 0;
		};
		70B235312702967F00E904DF /* Sources */ = {
			isa = PBXSourcesBuildPhase;
			buildActionMask = 2147483647;
			files = (
				70B2353A2702967F00E904DF /* DependencyInjectionTests.swift in Sources */,
			);
			runOnlyForDeploymentPostprocessing = 0;
		};
		70B2353C2702967F00E904DF /* Sources */ = {
			isa = PBXSourcesBuildPhase;
			buildActionMask = 2147483647;
			files = (
				70B235452702967F00E904DF /* DependencyInjectionUITests.swift in Sources */,
			);
			runOnlyForDeploymentPostprocessing = 0;
		};
/* End PBXSourcesBuildPhase section */

/* Begin PBXTargetDependency section */
		70B235372702967F00E904DF /* PBXTargetDependency */ = {
			isa = PBXTargetDependency;
			target = 70B2351E2702967E00E904DF /* DependencyInjection */;
			targetProxy = 70B235362702967F00E904DF /* PBXContainerItemProxy */;
		};
		70B235422702967F00E904DF /* PBXTargetDependency */ = {
			isa = PBXTargetDependency;
			target = 70B2351E2702967E00E904DF /* DependencyInjection */;
			targetProxy = 70B235412702967F00E904DF /* PBXContainerItemProxy */;
		};
/* End PBXTargetDependency section */

/* Begin PBXVariantGroup section */
		70B235282702967E00E904DF /* Main.storyboard */ = {
			isa = PBXVariantGroup;
			children = (
				70B235292702967E00E904DF /* Base */,
			);
			name = Main.storyboard;
			sourceTree = "<group>";
		};
		70B2352D2702967F00E904DF /* LaunchScreen.storyboard */ = {
			isa = PBXVariantGroup;
			children = (
				70B2352E2702967F00E904DF /* Base */,
			);
			name = LaunchScreen.storyboard;
			sourceTree = "<group>";
		};
/* End PBXVariantGroup section */

/* Begin XCBuildConfiguration section */
		70B235472702967F00E904DF /* Debug */ = {
			isa = XCBuildConfiguration;
			buildSettings = {
				ALWAYS_SEARCH_USER_PATHS = NO;
				CLANG_ANALYZER_NONNULL = YES;
				CLANG_ANALYZER_NUMBER_OBJECT_CONVERSION = YES_AGGRESSIVE;
				CLANG_CXX_LANGUAGE_STANDARD = "gnu++14";
				CLANG_CXX_LIBRARY = "libc++";
				CLANG_ENABLE_MODULES = YES;
				CLANG_ENABLE_OBJC_ARC = YES;
				CLANG_ENABLE_OBJC_WEAK = YES;
				CLANG_WARN_BLOCK_CAPTURE_AUTORELEASING = YES;
				CLANG_WARN_BOOL_CONVERSION = YES;
				CLANG_WARN_COMMA = YES;
				CLANG_WARN_CONSTANT_CONVERSION = YES;
				CLANG_WARN_DEPRECATED_OBJC_IMPLEMENTATIONS = YES;
				CLANG_WARN_DIRECT_OBJC_ISA_USAGE = YES_ERROR;
				CLANG_WARN_DOCUMENTATION_COMMENTS = YES;
				CLANG_WARN_EMPTY_BODY = YES;
				CLANG_WARN_ENUM_CONVERSION = YES;
				CLANG_WARN_INFINITE_RECURSION = YES;
				CLANG_WARN_INT_CONVERSION = YES;
				CLANG_WARN_NON_LITERAL_NULL_CONVERSION = YES;
				CLANG_WARN_OBJC_IMPLICIT_RETAIN_SELF = YES;
				CLANG_WARN_OBJC_LITERAL_CONVERSION = YES;
				CLANG_WARN_OBJC_ROOT_CLASS = YES_ERROR;
				CLANG_WARN_QUOTED_INCLUDE_IN_FRAMEWORK_HEADER = YES;
				CLANG_WARN_RANGE_LOOP_ANALYSIS = YES;
				CLANG_WARN_STRICT_PROTOTYPES = YES;
				CLANG_WARN_SUSPICIOUS_MOVE = YES;
				CLANG_WARN_UNGUARDED_AVAILABILITY = YES_AGGRESSIVE;
				CLANG_WARN_UNREACHABLE_CODE = YES;
				CLANG_WARN__DUPLICATE_METHOD_MATCH = YES;
				COPY_PHASE_STRIP = NO;
				DEBUG_INFORMATION_FORMAT = dwarf;
				ENABLE_STRICT_OBJC_MSGSEND = YES;
				ENABLE_TESTABILITY = YES;
				GCC_C_LANGUAGE_STANDARD = gnu11;
				GCC_DYNAMIC_NO_PIC = NO;
				GCC_NO_COMMON_BLOCKS = YES;
				GCC_OPTIMIZATION_LEVEL = 0;
				GCC_PREPROCESSOR_DEFINITIONS = (
					"DEBUG=1",
					"$(inherited)",
				);
				GCC_WARN_64_TO_32_BIT_CONVERSION = YES;
				GCC_WARN_ABOUT_RETURN_TYPE = YES_ERROR;
				GCC_WARN_UNDECLARED_SELECTOR = YES;
				GCC_WARN_UNINITIALIZED_AUTOS = YES_AGGRESSIVE;
				GCC_WARN_UNUSED_FUNCTION = YES;
				GCC_WARN_UNUSED_VARIABLE = YES;
				IPHONEOS_DEPLOYMENT_TARGET = 14.4;
				MTL_ENABLE_DEBUG_INFO = INCLUDE_SOURCE;
				MTL_FAST_MATH = YES;
				ONLY_ACTIVE_ARCH = YES;
				SDKROOT = iphoneos;
				SWIFT_ACTIVE_COMPILATION_CONDITIONS = DEBUG;
				SWIFT_OPTIMIZATION_LEVEL = "-Onone";
			};
			name = Debug;
		};
		70B235482702967F00E904DF /* Release */ = {
			isa = XCBuildConfiguration;
			buildSettings = {
				ALWAYS_SEARCH_USER_PATHS = NO;
				CLANG_ANALYZER_NONNULL = YES;
				CLANG_ANALYZER_NUMBER_OBJECT_CONVERSION = YES_AGGRESSIVE;
				CLANG_CXX_LANGUAGE_STANDARD = "gnu++14";
				CLANG_CXX_LIBRARY = "libc++";
				CLANG_ENABLE_MODULES = YES;
				CLANG_ENABLE_OBJC_ARC = YES;
				CLANG_ENABLE_OBJC_WEAK = YES;
				CLANG_WARN_BLOCK_CAPTURE_AUTORELEASING = YES;
				CLANG_WARN_BOOL_CONVERSION = YES;
				CLANG_WARN_COMMA = YES;
				CLANG_WARN_CONSTANT_CONVERSION = YES;
				CLANG_WARN_DEPRECATED_OBJC_IMPLEMENTATIONS = YES;
				CLANG_WARN_DIRECT_OBJC_ISA_USAGE = YES_ERROR;
				CLANG_WARN_DOCUMENTATION_COMMENTS = YES;
				CLANG_WARN_EMPTY_BODY = YES;
				CLANG_WARN_ENUM_CONVERSION = YES;
				CLANG_WARN_INFINITE_RECURSION = YES;
				CLANG_WARN_INT_CONVERSION = YES;
				CLANG_WARN_NON_LITERAL_NULL_CONVERSION = YES;
				CLANG_WARN_OBJC_IMPLICIT_RETAIN_SELF = YES;
				CLANG_WARN_OBJC_LITERAL_CONVERSION = YES;
				CLANG_WARN_OBJC_ROOT_CLASS = YES_ERROR;
				CLANG_WARN_QUOTED_INCLUDE_IN_FRAMEWORK_HEADER = YES;
				CLANG_WARN_RANGE_LOOP_ANALYSIS = YES;
				CLANG_WARN_STRICT_PROTOTYPES = YES;
				CLANG_WARN_SUSPICIOUS_MOVE = YES;
				CLANG_WARN_UNGUARDED_AVAILABILITY = YES_AGGRESSIVE;
				CLANG_WARN_UNREACHABLE_CODE = YES;
				CLANG_WARN__DUPLICATE_METHOD_MATCH = YES;
				COPY_PHASE_STRIP = NO;
				DEBUG_INFORMATION_FORMAT = "dwarf-with-dsym";
				ENABLE_NS_ASSERTIONS = NO;
				ENABLE_STRICT_OBJC_MSGSEND = YES;
				GCC_C_LANGUAGE_STANDARD = gnu11;
				GCC_NO_COMMON_BLOCKS = YES;
				GCC_WARN_64_TO_32_BIT_CONVERSION = YES;
				GCC_WARN_ABOUT_RETURN_TYPE = YES_ERROR;
				GCC_WARN_UNDECLARED_SELECTOR = YES;
				GCC_WARN_UNINITIALIZED_AUTOS = YES_AGGRESSIVE;
				GCC_WARN_UNUSED_FUNCTION = YES;
				GCC_WARN_UNUSED_VARIABLE = YES;
				IPHONEOS_DEPLOYMENT_TARGET = 14.4;
				MTL_ENABLE_DEBUG_INFO = NO;
				MTL_FAST_MATH = YES;
				SDKROOT = iphoneos;
				SWIFT_COMPILATION_MODE = wholemodule;
				SWIFT_OPTIMIZATION_LEVEL = "-O";
				VALIDATE_PRODUCT = YES;
			};
			name = Release;
		};
		70B2354A2702967F00E904DF /* Debug */ = {
			isa = XCBuildConfiguration;
			buildSettings = {
				ASSETCATALOG_COMPILER_APPICON_NAME = AppIcon;
				ASSETCATALOG_COMPILER_GLOBAL_ACCENT_COLOR_NAME = AccentColor;
				CODE_SIGN_STYLE = Automatic;
				INFOPLIST_FILE = DependencyInjection/Info.plist;
				LD_RUNPATH_SEARCH_PATHS = (
					"$(inherited)",
					"@executable_path/Frameworks",
				);
				PRODUCT_BUNDLE_IDENTIFIER = wwww.asjunio.DependencyInjection;
				PRODUCT_NAME = "$(TARGET_NAME)";
				SWIFT_VERSION = 5.0;
				TARGETED_DEVICE_FAMILY = "1,2";
			};
			name = Debug;
		};
		70B2354B2702967F00E904DF /* Release */ = {
			isa = XCBuildConfiguration;
			buildSettings = {
				ASSETCATALOG_COMPILER_APPICON_NAME = AppIcon;
				ASSETCATALOG_COMPILER_GLOBAL_ACCENT_COLOR_NAME = AccentColor;
				CODE_SIGN_STYLE = Automatic;
				INFOPLIST_FILE = DependencyInjection/Info.plist;
				LD_RUNPATH_SEARCH_PATHS = (
					"$(inherited)",
					"@executable_path/Frameworks",
				);
				PRODUCT_BUNDLE_IDENTIFIER = wwww.asjunio.DependencyInjection;
				PRODUCT_NAME = "$(TARGET_NAME)";
				SWIFT_VERSION = 5.0;
				TARGETED_DEVICE_FAMILY = "1,2";
			};
			name = Release;
		};
		70B2354D2702967F00E904DF /* Debug */ = {
			isa = XCBuildConfiguration;
			buildSettings = {
				ALWAYS_EMBED_SWIFT_STANDARD_LIBRARIES = YES;
				BUNDLE_LOADER = "$(TEST_HOST)";
				CODE_SIGN_STYLE = Automatic;
				INFOPLIST_FILE = DependencyInjectionTests/Info.plist;
				IPHONEOS_DEPLOYMENT_TARGET = 14.4;
				LD_RUNPATH_SEARCH_PATHS = (
					"$(inherited)",
					"@executable_path/Frameworks",
					"@loader_path/Frameworks",
				);
				PRODUCT_BUNDLE_IDENTIFIER = wwww.asjunio.DependencyInjectionTests;
				PRODUCT_NAME = "$(TARGET_NAME)";
				SWIFT_VERSION = 5.0;
				TARGETED_DEVICE_FAMILY = "1,2";
				TEST_HOST = "$(BUILT_PRODUCTS_DIR)/DependencyInjection.app/DependencyInjection";
			};
			name = Debug;
		};
		70B2354E2702967F00E904DF /* Release */ = {
			isa = XCBuildConfiguration;
			buildSettings = {
				ALWAYS_EMBED_SWIFT_STANDARD_LIBRARIES = YES;
				BUNDLE_LOADER = "$(TEST_HOST)";
				CODE_SIGN_STYLE = Automatic;
				INFOPLIST_FILE = DependencyInjectionTests/Info.plist;
				IPHONEOS_DEPLOYMENT_TARGET = 14.4;
				LD_RUNPATH_SEARCH_PATHS = (
					"$(inherited)",
					"@executable_path/Frameworks",
					"@loader_path/Frameworks",
				);
				PRODUCT_BUNDLE_IDENTIFIER = wwww.asjunio.DependencyInjectionTests;
				PRODUCT_NAME = "$(TARGET_NAME)";
				SWIFT_VERSION = 5.0;
				TARGETED_DEVICE_FAMILY = "1,2";
				TEST_HOST = "$(BUILT_PRODUCTS_DIR)/DependencyInjection.app/DependencyInjection";
			};
			name = Release;
		};
		70B235502702967F00E904DF /* Debug */ = {
			isa = XCBuildConfiguration;
			buildSettings = {
				ALWAYS_EMBED_SWIFT_STANDARD_LIBRARIES = YES;
				CODE_SIGN_STYLE = Automatic;
				INFOPLIST_FILE = DependencyInjectionUITests/Info.plist;
				LD_RUNPATH_SEARCH_PATHS = (
					"$(inherited)",
					"@executable_path/Frameworks",
					"@loader_path/Frameworks",
				);
				PRODUCT_BUNDLE_IDENTIFIER = wwww.asjunio.DependencyInjectionUITests;
				PRODUCT_NAME = "$(TARGET_NAME)";
				SWIFT_VERSION = 5.0;
				TARGETED_DEVICE_FAMILY = "1,2";
				TEST_TARGET_NAME = DependencyInjection;
			};
			name = Debug;
		};
		70B235512702967F00E904DF /* Release */ = {
			isa = XCBuildConfiguration;
			buildSettings = {
				ALWAYS_EMBED_SWIFT_STANDARD_LIBRARIES = YES;
				CODE_SIGN_STYLE = Automatic;
				INFOPLIST_FILE = DependencyInjectionUITests/Info.plist;
				LD_RUNPATH_SEARCH_PATHS = (
					"$(inherited)",
					"@executable_path/Frameworks",
					"@loader_path/Frameworks",
				);
				PRODUCT_BUNDLE_IDENTIFIER = wwww.asjunio.DependencyInjectionUITests;
				PRODUCT_NAME = "$(TARGET_NAME)";
				SWIFT_VERSION = 5.0;
				TARGETED_DEVICE_FAMILY = "1,2";
				TEST_TARGET_NAME = DependencyInjection;
			};
			name = Release;
		};
/* End XCBuildConfiguration section */

/* Begin XCConfigurationList section */
		70B2351A2702967E00E904DF /* Build configuration list for PBXProject "DependencyInjection" */ = {
			isa = XCConfigurationList;
			buildConfigurations = (
				70B235472702967F00E904DF /* Debug */,
				70B235482702967F00E904DF /* Release */,
			);
			defaultConfigurationIsVisible = 0;
			defaultConfigurationName = Release;
		};
		70B235492702967F00E904DF /* Build configuration list for PBXNativeTarget "DependencyInjection" */ = {
			isa = XCConfigurationList;
			buildConfigurations = (
				70B2354A2702967F00E904DF /* Debug */,
				70B2354B2702967F00E904DF /* Release */,
			);
			defaultConfigurationIsVisible = 0;
			defaultConfigurationName = Release;
		};
		70B2354C2702967F00E904DF /* Build configuration list for PBXNativeTarget "DependencyInjectionTests" */ = {
			isa = XCConfigurationList;
			buildConfigurations = (
				70B2354D2702967F00E904DF /* Debug */,
				70B2354E2702967F00E904DF /* Release */,
			);
			defaultConfigurationIsVisible = 0;
			defaultConfigurationName = Release;
		};
		70B2354F2702967F00E904DF /* Build configuration list for PBXNativeTarget "DependencyInjectionUITests" */ = {
			isa = XCConfigurationList;
			buildConfigurations = (
				70B235502702967F00E904DF /* Debug */,
				70B235512702967F00E904DF /* Release */,
			);
			defaultConfigurationIsVisible = 0;
			defaultConfigurationName = Release;
		};
/* End XCConfigurationList section */
	};
	rootObject = 70B235172702967E00E904DF /* Project object */;
}
